{
    "_readme": [
        "This file locks the dependencies of your project to a known state",
        "Read more about it at https://getcomposer.org/doc/01-basic-usage.md#installing-dependencies",
        "This file is @generated automatically"
    ],
    "content-hash": "5b6f9159e1b9bca97a19ab99ce064c88",
    "packages": [
        {
            "name": "vladkens/autoprefixer",
            "version": "v0.1",
            "source": {
                "type": "git",
                "url": "https://github.com/vladkens/autoprefixer-php.git",
                "reference": "a89553d6b8df8374c78b3d2e80221d771bf14814"
            },
            "dist": {
                "type": "zip",
                "url": "https://api.github.com/repos/vladkens/autoprefixer-php/zipball/a89553d6b8df8374c78b3d2e80221d771bf14814",
                "reference": "a89553d6b8df8374c78b3d2e80221d771bf14814",
                "shasum": ""
            },
            "require": {
                "php": ">=5.3.0"
            },
            "type": "library",
            "autoload": {
                "psr-0": {
                    "": "lib"
                }
            },
            "notification-url": "https://packagist.org/downloads/",
            "license": [
                "MIT"
            ],
            "authors": [
                {
                    "name": "Vlad Pronsky",
                    "email": "vladkens@yandex.ru"
                }
            ],
            "description": "Run Autoprefixer using node.js in you php.",
            "keywords": [
                "Node.js",
                "autoprefixer",
                "css",
                "prefixes"
            ],
            "time": "2015-01-30T11:55:19+00:00"
        }
    ],
    "packages-dev": [],
    "aliases": [],
    "minimum-stability": "stable",
    "stability-flags": [],
    "prefer-stable": false,
    "prefer-lowest": false,
    "platform": [],
    "platform-dev": []
}
